
Microsoft Visual Studio Solution File, Format Version 11.00
# Visual Studio 2010
Project("{FAE04EC0-301F-11D3-BF4B-00C04F79EFBC}") = "Assembly-CSharp", "Assembly-CSharp.csproj", "{9F365253-AA61-DE70-CBA2-91F993D5E340}"
EndProject
Project("{FAE04EC0-301F-11D3-BF4B-00C04F79EFBC}") = "Assembly-CSharp-Editor", "Assembly-CSharp-Editor.csproj", "{A4F9C9C5-E451-B1BD-DCBC-2F8B7AA6BC26}"
EndProject
Global
	GlobalSection(SolutionConfigurationPlatforms) = preSolution
		Debug|Any CPU = Debug|Any CPU
		Release|Any CPU = Release|Any CPU
	EndGlobalSection
	GlobalSection(ProjectConfigurationPlatforms) = postSolution
		{9F365253-AA61-DE70-CBA2-91F993D5E340}.Debug|Any CPU.ActiveCfg = Debug|Any CPU
		{9F365253-AA61-DE70-CBA2-91F993D5E340}.Debug|Any CPU.Build.0 = Debug|Any CPU
		{9F365253-AA61-DE70-CBA2-91F993D5E340}.Release|Any CPU.ActiveCfg = Release|Any CPU
		{9F365253-AA61-DE70-CBA2-91F993D5E340}.Release|Any CPU.Build.0 = Release|Any CPU
		{A4F9C9C5-E451-B1BD-DCBC-2F8B7AA6BC26}.Debug|Any CPU.ActiveCfg = Debug|Any CPU
		{A4F9C9C5-E451-B1BD-DCBC-2F8B7AA6BC26}.Debug|Any CPU.Build.0 = Debug|Any CPU
		{A4F9C9C5-E451-B1BD-DCBC-2F8B7AA6BC26}.Release|Any CPU.ActiveCfg = Release|Any CPU
		{A4F9C9C5-E451-B1BD-DCBC-2F8B7AA6BC26}.Release|Any CPU.Build.0 = Release|Any CPU
	EndGlobalSection
	GlobalSection(SolutionProperties) = preSolution
		HideSolutionNode = FALSE
	EndGlobalSection
	GlobalSection(MonoDevelopProperties) = preSolution
		StartupItem = Assembly-CSharp.csproj
	EndGlobalSection
EndGlobal
